
Microsoft Visual Studio Solution File, Format Version 12.00
# Visual Studio Version 17
VisualStudioVersion = 17.0.31903.59
MinimumVisualStudioVersion = 10.0.40219.1
Project("{2150E333-8FDC-42A3-9474-1A3956D46DE8}") = "src", "src", "{827E0CD3-B72D-47B6-A68D-7590B98EB39B}"
EndProject
Project("{FAE04EC0-301F-11D3-BF4B-00C04F79EFBC}") = "RadiusSearch.Domain", "src\RadiusSearch.Domain\RadiusSearch.Domain.csproj", "{7835A6CE-637C-4445-8367-4E4973864F63}"
EndProject
Project("{FAE04EC0-301F-11D3-BF4B-00C04F79EFBC}") = "RadiusSearch.Application", "src\RadiusSearch.Application\RadiusSearch.Application.csproj", "{A9F0183F-0879-49EA-83F8-F83661ADCB29}"
EndProject
Project("{FAE04EC0-301F-11D3-BF4B-00C04F79EFBC}") = "RadiusSearch.Infrastructure", "src\RadiusSearch.Infrastructure\RadiusSearch.Infrastructure.csproj", "{0089782A-5172-4364-8305-62469C3F5A55}"
EndProject
Project("{FAE04EC0-301F-11D3-BF4B-00C04F79EFBC}") = "RadiusSearch.Api", "src\RadiusSearch.Api\RadiusSearch.Api.csproj", "{8808FFA6-BF01-4D95-9083-81BD4E717456}"
EndProject
Project("{2150E333-8FDC-42A3-9474-1A3956D46DE8}") = "tests", "tests", "{0AB3BF05-4346-4AA6-1389-037BE0695223}"
EndProject
Project("{FAE04EC0-301F-11D3-BF4B-00C04F79EFBC}") = "RadiusSearch.Tests", "tests\RadiusSearch.Tests\RadiusSearch.Tests.csproj", "{B0C63B60-8F36-40C4-9FEC-B7E9DDA24BFF}"
EndProject
Global
	GlobalSection(SolutionConfigurationPlatforms) = preSolution
		Debug|Any CPU = Debug|Any CPU
		Debug|x64 = Debug|x64
		Debug|x86 = Debug|x86
		Release|Any CPU = Release|Any CPU
		Release|x64 = Release|x64
		Release|x86 = Release|x86
	EndGlobalSection
	GlobalSection(ProjectConfigurationPlatforms) = postSolution
		{7835A6CE-637C-4445-8367-4E4973864F63}.Debug|Any CPU.ActiveCfg = Debug|Any CPU
		{7835A6CE-637C-4445-8367-4E4973864F63}.Debug|Any CPU.Build.0 = Debug|Any CPU
		{7835A6CE-637C-4445-8367-4E4973864F63}.Debug|x64.ActiveCfg = Debug|Any CPU
		{7835A6CE-637C-4445-8367-4E4973864F63}.Debug|x64.Build.0 = Debug|Any CPU
		{7835A6CE-637C-4445-8367-4E4973864F63}.Debug|x86.ActiveCfg = Debug|Any CPU
		{7835A6CE-637C-4445-8367-4E4973864F63}.Debug|x86.Build.0 = Debug|Any CPU
		{7835A6CE-637C-4445-8367-4E4973864F63}.Release|Any CPU.ActiveCfg = Release|Any CPU
		{7835A6CE-637C-4445-8367-4E4973864F63}.Release|Any CPU.Build.0 = Release|Any CPU
		{7835A6CE-637C-4445-8367-4E4973864F63}.Release|x64.ActiveCfg = Release|Any CPU
		{7835A6CE-637C-4445-8367-4E4973864F63}.Release|x64.Build.0 = Release|Any CPU
		{7835A6CE-637C-4445-8367-4E4973864F63}.Release|x86.ActiveCfg = Release|Any CPU
		{7835A6CE-637C-4445-8367-4E4973864F63}.Release|x86.Build.0 = Release|Any CPU
		{A9F0183F-0879-49EA-83F8-F83661ADCB29}.Debug|Any CPU.ActiveCfg = Debug|Any CPU
		{A9F0183F-0879-49EA-83F8-F83661ADCB29}.Debug|Any CPU.Build.0 = Debug|Any CPU
		{A9F0183F-0879-49EA-83F8-F83661ADCB29}.Debug|x64.ActiveCfg = Debug|Any CPU
		{A9F0183F-0879-49EA-83F8-F83661ADCB29}.Debug|x64.Build.0 = Debug|Any CPU
		{A9F0183F-0879-49EA-83F8-F83661ADCB29}.Debug|x86.ActiveCfg = Debug|Any CPU
		{A9F0183F-0879-49EA-83F8-F83661ADCB29}.Debug|x86.Build.0 = Debug|Any CPU
		{A9F0183F-0879-49EA-83F8-F83661ADCB29}.Release|Any CPU.ActiveCfg = Release|Any CPU
		{A9F0183F-0879-49EA-83F8-F83661ADCB29}.Release|Any CPU.Build.0 = Release|Any CPU
		{A9F0183F-0879-49EA-83F8-F83661ADCB29}.Release|x64.ActiveCfg = Release|Any CPU
		{A9F0183F-0879-49EA-83F8-F83661ADCB29}.Release|x64.Build.0 = Release|Any CPU
		{A9F0183F-0879-49EA-83F8-F83661ADCB29}.Release|x86.ActiveCfg = Release|Any CPU
		{A9F0183F-0879-49EA-83F8-F83661ADCB29}.Release|x86.Build.0 = Release|Any CPU
		{0089782A-5172-4364-8305-62469C3F5A55}.Debug|Any CPU.ActiveCfg = Debug|Any CPU
		{0089782A-5172-4364-8305-62469C3F5A55}.Debug|Any CPU.Build.0 = Debug|Any CPU
		{0089782A-5172-4364-8305-62469C3F5A55}.Debug|x64.ActiveCfg = Debug|Any CPU
		{0089782A-5172-4364-8305-62469C3F5A55}.Debug|x64.Build.0 = Debug|Any CPU
		{0089782A-5172-4364-8305-62469C3F5A55}.Debug|x86.ActiveCfg = Debug|Any CPU
		{0089782A-5172-4364-8305-62469C3F5A55}.Debug|x86.Build.0 = Debug|Any CPU
		{0089782A-5172-4364-8305-62469C3F5A55}.Release|Any CPU.ActiveCfg = Release|Any CPU
		{0089782A-5172-4364-8305-62469C3F5A55}.Release|Any CPU.Build.0 = Release|Any CPU
		{0089782A-5172-4364-8305-62469C3F5A55}.Release|x64.ActiveCfg = Release|Any CPU
		{0089782A-5172-4364-8305-62469C3F5A55}.Release|x64.Build.0 = Release|Any CPU
		{0089782A-5172-4364-8305-62469C3F5A55}.Release|x86.ActiveCfg = Release|Any CPU
		{0089782A-5172-4364-8305-62469C3F5A55}.Release|x86.Build.0 = Release|Any CPU
		{8808FFA6-BF01-4D95-9083-81BD4E717456}.Debug|Any CPU.ActiveCfg = Debug|Any CPU
		{8808FFA6-BF01-4D95-9083-81BD4E717456}.Debug|Any CPU.Build.0 = Debug|Any CPU
		{8808FFA6-BF01-4D95-9083-81BD4E717456}.Debug|x64.ActiveCfg = Debug|Any CPU
		{8808FFA6-BF01-4D95-9083-81BD4E717456}.Debug|x64.Build.0 = Debug|Any CPU
		{8808FFA6-BF01-4D95-9083-81BD4E717456}.Debug|x86.ActiveCfg = Debug|Any CPU
		{8808FFA6-BF01-4D95-9083-81BD4E717456}.Debug|x86.Build.0 = Debug|Any CPU
		{8808FFA6-BF01-4D95-9083-81BD4E717456}.Release|Any CPU.ActiveCfg = Release|Any CPU
		{8808FFA6-BF01-4D95-9083-81BD4E717456}.Release|Any CPU.Build.0 = Release|Any CPU
		{8808FFA6-BF01-4D95-9083-81BD4E717456}.Release|x64.ActiveCfg = Release|Any CPU
		{8808FFA6-BF01-4D95-9083-81BD4E717456}.Release|x64.Build.0 = Release|Any CPU
		{8808FFA6-BF01-4D95-9083-81BD4E717456}.Release|x86.ActiveCfg = Release|Any CPU
		{8808FFA6-BF01-4D95-9083-81BD4E717456}.Release|x86.Build.0 = Release|Any CPU
		{B0C63B60-8F36-40C4-9FEC-B7E9DDA24BFF}.Debug|Any CPU.ActiveCfg = Debug|Any CPU
		{B0C63B60-8F36-40C4-9FEC-B7E9DDA24BFF}.Debug|Any CPU.Build.0 = Debug|Any CPU
		{B0C63B60-8F36-40C4-9FEC-B7E9DDA24BFF}.Debug|x64.ActiveCfg = Debug|Any CPU
		{B0C63B60-8F36-40C4-9FEC-B7E9DDA24BFF}.Debug|x64.Build.0 = Debug|Any CPU
		{B0C63B60-8F36-40C4-9FEC-B7E9DDA24BFF}.Debug|x86.ActiveCfg = Debug|Any CPU
		{B0C63B60-8F36-40C4-9FEC-B7E9DDA24BFF}.Debug|x86.Build.0 = Debug|Any CPU
		{B0C63B60-8F36-40C4-9FEC-B7E9DDA24BFF}.Release|Any CPU.ActiveCfg = Release|Any CPU
		{B0C63B60-8F36-40C4-9FEC-B7E9DDA24BFF}.Release|Any CPU.Build.0 = Release|Any CPU
		{B0C63B60-8F36-40C4-9FEC-B7E9DDA24BFF}.Release|x64.ActiveCfg = Release|Any CPU
		{B0C63B60-8F36-40C4-9FEC-B7E9DDA24BFF}.Release|x64.Build.0 = Release|Any CPU
		{B0C63B60-8F36-40C4-9FEC-B7E9DDA24BFF}.Release|x86.ActiveCfg = Release|Any CPU
		{B0C63B60-8F36-40C4-9FEC-B7E9DDA24BFF}.Release|x86.Build.0 = Release|Any CPU
	EndGlobalSection
	GlobalSection(SolutionProperties) = preSolution
		HideSolutionNode = FALSE
	EndGlobalSection
	GlobalSection(NestedProjects) = preSolution
		{7835A6CE-637C-4445-8367-4E4973864F63} = {827E0CD3-B72D-47B6-A68D-7590B98EB39B}
		{A9F0183F-0879-49EA-83F8-F83661ADCB29} = {827E0CD3-B72D-47B6-A68D-7590B98EB39B}
		{0089782A-5172-4364-8305-62469C3F5A55} = {827E0CD3-B72D-47B6-A68D-7590B98EB39B}
		{8808FFA6-BF01-4D95-9083-81BD4E717456} = {827E0CD3-B72D-47B6-A68D-7590B98EB39B}
		{B0C63B60-8F36-40C4-9FEC-B7E9DDA24BFF} = {0AB3BF05-4346-4AA6-1389-037BE0695223}
	EndGlobalSection
EndGlobal
